{
  "nodes": {
    "flakeNimbleLib": {
      "inputs": {
        "nixpkgs": [
          "nixpkgs"
        ]
      },
      "locked": {
        "lastModified": 1662018438,
        "narHash": "sha256-QtNtU6+LX3Wokxf0zlFwKTFOcn6TeDjKQZ+DA9OYtvM=",
        "owner": "riinr",
        "repo": "nim-flakes-lib",
        "rev": "b1fe8340736e3a85d25c709ac3dfd82a55c03cbf",
        "type": "github"
      },
      "original": {
        "owner": "riinr",
        "ref": "master",
        "repo": "nim-flakes-lib",
        "type": "github"
      }
    },
    "nixpkgs": {
      "locked": {
        "lastModified": 1667110639,
        "narHash": "sha256-4FbPESZ5LbqQxkJJJBAfk/zKgF9h/4kyUwjjpJwYlbc=",
        "owner": "NixOS",
        "repo": "nixpkgs",
        "rev": "f38a1f04d1bec1feb61fd101a0539ae2002a7087",
        "type": "github"
      },
      "original": {
        "id": "nixpkgs",
        "type": "indirect"
      }
    },
    "root": {
      "inputs": {
        "flakeNimbleLib": "flakeNimbleLib",
        "nixpkgs": "nixpkgs",
        "wiringpinim-master": "wiringpinim-master"
      }
    },
    "src-wiringPiNim-master": {
      "flake": false,
      "locked": {
        "lastModified": 1518963640,
        "narHash": "sha256-x8HDC05Xs0cAmjckLZcxaQsi+GiXIfr4lXpSWugc5Wk=",
        "owner": "ThomasTJdev",
        "repo": "nim_wiringPiNim",
        "rev": "99c693fee0a8b4136c5133c419cb38dfe794c5d2",
        "type": "github"
      },
      "original": {
        "owner": "ThomasTJdev",
        "ref": "refs/heads/master",
        "repo": "nim_wiringPiNim",
        "type": "github"
      }
    },
    "wiringpinim-master": {
      "inputs": {
        "flakeNimbleLib": [
          "flakeNimbleLib"
        ],
        "nixpkgs": [
          "nixpkgs"
        ],
        "src-wiringPiNim-master": "src-wiringPiNim-master"
      },
      "locked": {
        "dir": "master",
        "lastModified": 1662254940,
        "narHash": "sha256-fC//7OoZagjgpKg2dO6EPNEf8jIJQzRw2mIxb7XeC7A=",
        "owner": "nim-nix-pkgs",
        "repo": "wiringpinim",
        "rev": "a721086b392e0e4863d3c1ec24192a19e735058a",
        "type": "github"
      },
      "original": {
        "dir": "master",
        "owner": "nim-nix-pkgs",
        "ref": "master",
        "repo": "wiringpinim",
        "type": "github"
      }
    }
  },
  "root": "root",
  "version": 7
}
